
Microsoft Visual Studio Solution File, Format Version 12.00
# Visual Studio Version 17
VisualStudioVersion = 17.8.34322.80
MinimumVisualStudioVersion = 10.0.40219.1
Project("{FAE04EC0-301F-11D3-BF4B-00C04F79EFBC}") = "IE_Profile-picture", "IE_Profile-picture\IE_Profile-picture.csproj", "{2FA1D463-2923-4F26-9BB6-33E721CA8389}"
EndProject
Global
	GlobalSection(SolutionConfigurationPlatforms) = preSolution
		Debug|Any CPU = Debug|Any CPU
		Release|Any CPU = Release|Any CPU
	EndGlobalSection
	GlobalSection(ProjectConfigurationPlatforms) = postSolution
		{2FA1D463-2923-4F26-9BB6-33E721CA8389}.Debug|Any CPU.ActiveCfg = Debug|Any CPU
		{2FA1D463-2923-4F26-9BB6-33E721CA8389}.Debug|Any CPU.Build.0 = Debug|Any CPU
		{2FA1D463-2923-4F26-9BB6-33E721CA8389}.Release|Any CPU.ActiveCfg = Release|Any CPU
		{2FA1D463-2923-4F26-9BB6-33E721CA8389}.Release|Any CPU.Build.0 = Release|Any CPU
	EndGlobalSection
	GlobalSection(SolutionProperties) = preSolution
		HideSolutionNode = FALSE
	EndGlobalSection
	GlobalSection(ExtensibilityGlobals) = postSolution
		SolutionGuid = {00CAFBBA-C791-4D7C-B56C-6ACA3344EDAF}
	EndGlobalSection
EndGlobal
